// !$*UTF8*$!
{
	archiveVersion = 1;
	classes = {
	};
	objectVersion = 48;
	objects = {

/* Begin PBXBuildFile section */
		2FB4EDF9208C5AE100A0055D /* YRCustomPresentationController.swift in Sources */ = {isa = PBXBuildFile; fileRef = 2FB4EDF8208C5AE100A0055D /* YRCustomPresentationController.swift */; };
		2FB4EDFB208C6AAF00A0055D /* YRTestViewController.swift in Sources */ = {isa = PBXBuildFile; fileRef = 2FB4EDFA208C6AAF00A0055D /* YRTestViewController.swift */; };
		2FD784AF208C5690006402A4 /* AppDelegate.swift in Sources */ = {isa = PBXBuildFile; fileRef = 2FD784AE208C5690006402A4 /* AppDelegate.swift */; };
		2FD784B1208C5690006402A4 /* ViewController.swift in Sources */ = {isa = PBXBuildFile; fileRef = 2FD784B0208C5690006402A4 /* ViewController.swift */; };
		2FD784B4208C5690006402A4 /* Main.storyboard in Resources */ = {isa = PBXBuildFile; fileRef = 2FD784B2208C5690006402A4 /* Main.storyboard */; };
		2FD784B6208C5691006402A4 /* Assets.xcassets in Resources */ = {isa = PBXBuildFile; fileRef = 2FD784B5208C5691006402A4 /* Assets.xcassets */; };
		2FD784B9208C5691006402A4 /* LaunchScreen.storyboard in Resources */ = {isa = PBXBuildFile; fileRef = 2FD784B7208C5691006402A4 /* LaunchScreen.storyboard */; };
/* End PBXBuildFile section */

/* Begin PBXFileReference section */
		2FB4EDF8208C5AE100A0055D /* YRCustomPresentationController.swift */ = {isa = PBXFileReference; lastKnownFileType = sourcecode.swift; path = YRCustomPresentationController.swift; sourceTree = "<group>"; };
		2FB4EDFA208C6AAF00A0055D /* YRTestViewController.swift */ = {isa = PBXFileReference; lastKnownFileType = sourcecode.swift; path = YRTestViewController.swift; sourceTree = "<group>"; };
		2FD784AB208C5690006402A4 /* customModalVC.app */ = {isa = PBXFileReference; explicitFileType = wrapper.application; includeInIndex = 0; path = customModalVC.app; sourceTree = BUILT_PRODUCTS_DIR; };
		2FD784AE208C5690006402A4 /* AppDelegate.swift */ = {isa = PBXFileReference; lastKnownFileType = sourcecode.swift; path = AppDelegate.swift; sourceTree = "<group>"; };
		2FD784B0208C5690006402A4 /* ViewController.swift */ = {isa = PBXFileReference; lastKnownFileType = sourcecode.swift; path = ViewController.swift; sourceTree = "<group>"; };
		2FD784B3208C5690006402A4 /* Base */ = {isa = PBXFileReference; lastKnownFileType = file.storyboard; name = Base; path = Base.lproj/Main.storyboard; sourceTree = "<group>"; };
		2FD784B5208C5691006402A4 /* Assets.xcassets */ = {isa = PBXFileReference; lastKnownFileType = folder.assetcatalog; path = Assets.xcassets; sourceTree = "<group>"; };
		2FD784B8208C5691006402A4 /* Base */ = {isa = PBXFileReference; lastKnownFileType = file.storyboard; name = Base; path = Base.lproj/LaunchScreen.storyboard; sourceTree = "<group>"; };
		2FD784BA208C5691006402A4 /* Info.plist */ = {isa = PBXFileReference; lastKnownFileType = text.plist.xml; path = Info.plist; sourceTree = "<group>"; };
/* End PBXFileReference section */

/* Begin PBXFrameworksBuildPhase section */
		2FD784A8208C5690006402A4 /* Frameworks */ = {
			isa = PBXFrameworksBuildPhase;
			buildActionMask = 2147483647;
			files = (
			);
			runOnlyForDeploymentPostprocessing = 0;
		};
/* End PBXFrameworksBuildPhase section */

/* Begin PBXGroup section */
		2FD784A2208C5690006402A4 = {
			isa = PBXGroup;
			children = (
				2FD784AD208C5690006402A4 /* customModalVC */,
				2FD784AC208C5690006402A4 /* Products */,
			);
			sourceTree = "<group>";
		};
		2FD784AC208C5690006402A4 /* Products */ = {
			isa = PBXGroup;
			children = (
				2FD784AB208C5690006402A4 /* customModalVC.app */,
			);
			name = Products;
			sourceTree = "<group>";
		};
		2FD784AD208C5690006402A4 /* customModalVC */ = {
			isa = PBXGroup;
			children = (
				2FD784AE208C5690006402A4 /* AppDelegate.swift */,
				2FD784B0208C5690006402A4 /* ViewController.swift */,
				2FB4EDFA208C6AAF00A0055D /* YRTestViewController.swift */,
				2FB4EDF8208C5AE100A0055D /* YRCustomPresentationController.swift */,
				2FD784B2208C5690006402A4 /* Main.storyboard */,
				2FD784B5208C5691006402A4 /* Assets.xcassets */,
				2FD784B7208C5691006402A4 /* LaunchScreen.storyboard */,
				2FD784BA208C5691006402A4 /* Info.plist */,
			);
			path = customModalVC;
			sourceTree = "<group>";
		};
/* End PBXGroup section */

/* Begin PBXNativeTarget section */
		2FD784AA208C5690006402A4 /* customModalVC */ = {
			isa = PBXNativeTarget;
			buildConfigurationList = 2FD784BD208C5691006402A4 /* Build configuration list for PBXNativeTarget "customModalVC" */;
			buildPhases = (
				2FD784A7208C5690006402A4 /* Sources */,
				2FD784A8208C5690006402A4 /* Frameworks */,
				2FD784A9208C5690006402A4 /* Resources */,
			);
			buildRules = (
			);
			dependencies = (
			);
			name = customModalVC;
			productName = customModalVC;
			productReference = 2FD784AB208C5690006402A4 /* customModalVC.app */;
			productType = "com.apple.product-type.application";
		};
/* End PBXNativeTarget section */

/* Begin PBXProject section */
		2FD784A3208C5690006402A4 /* Project object */ = {
			isa = PBXProject;
			attributes = {
				LastSwiftUpdateCheck = 0920;
				LastUpgradeCheck = 0920;
				ORGANIZATIONNAME = yangrui;
				TargetAttributes = {
					2FD784AA208C5690006402A4 = {
						CreatedOnToolsVersion = 9.2;
						ProvisioningStyle = Automatic;
					};
				};
			};
			buildConfigurationList = 2FD784A6208C5690006402A4 /* Build configuration list for PBXProject "customModalVC" */;
			compatibilityVersion = "Xcode 8.0";
			developmentRegion = en;
			hasScannedForEncodings = 0;
			knownRegions = (
				en,
				Base,
			);
			mainGroup = 2FD784A2208C5690006402A4;
			productRefGroup = 2FD784AC208C5690006402A4 /* Products */;
			projectDirPath = "";
			projectRoot = "";
			targets = (
				2FD784AA208C5690006402A4 /* customModalVC */,
			);
		};
/* End PBXProject section */

/* Begin PBXResourcesBuildPhase section */
		2FD784A9208C5690006402A4 /* Resources */ = {
			isa = PBXResourcesBuildPhase;
			buildActionMask = 2147483647;
			files = (
				2FD784B9208C5691006402A4 /* LaunchScreen.storyboard in Resources */,
				2FD784B6208C5691006402A4 /* Assets.xcassets in Resources */,
				2FD784B4208C5690006402A4 /* Main.storyboard in Resources */,
			);
			runOnlyForDeploymentPostprocessing = 0;
		};
/* End PBXResourcesBuildPhase section */

/* Begin PBXSourcesBuildPhase section */
		2FD784A7208C5690006402A4 /* Sources */ = {
			isa = PBXSourcesBuildPhase;
			buildActionMask = 2147483647;
			files = (
				2FD784B1208C5690006402A4 /* ViewController.swift in Sources */,
				2FD784AF208C5690006402A4 /* AppDelegate.swift in Sources */,
				2FB4EDF9208C5AE100A0055D /* YRCustomPresentationController.swift in Sources */,
				2FB4EDFB208C6AAF00A0055D /* YRTestViewController.swift in Sources */,
			);
			runOnlyForDeploymentPostprocessing = 0;
		};
/* End PBXSourcesBuildPhase section */

/* Begin PBXVariantGroup section */
		2FD784B2208C5690006402A4 /* Main.storyboard */ = {
			isa = PBXVariantGroup;
			children = (
				2FD784B3208C5690006402A4 /* Base */,
			);
			name = Main.storyboard;
			sourceTree = "<group>";
		};
		2FD784B7208C5691006402A4 /* LaunchScreen.storyboard */ = {
			isa = PBXVariantGroup;
			children = (
				2FD784B8208C5691006402A4 /* Base */,
			);
			name = LaunchScreen.storyboard;
			sourceTree = "<group>";
		};
/* End PBXVariantGroup section */

/* Begin XCBuildConfiguration section */
		2FD784BB208C5691006402A4 /* Debug */ = {
			isa = XCBuildConfiguration;
			buildSettings = {
				ALWAYS_SEARCH_USER_PATHS = NO;
				CLANG_ANALYZER_NONNULL = YES;
				CLANG_ANALYZER_NUMBER_OBJECT_CONVERSION = YES_AGGRESSIVE;
				CLANG_CXX_LANGUAGE_STANDARD = "gnu++14";
				CLANG_CXX_LIBRARY = "libc++";
				CLANG_ENABLE_MODULES = YES;
				CLANG_ENABLE_OBJC_ARC = YES;
				CLANG_WARN_BLOCK_CAPTURE_AUTORELEASING = YES;
				CLANG_WARN_BOOL_CONVERSION = YES;
				CLANG_WARN_COMMA = YES;
				CLANG_WARN_CONSTANT_CONVERSION = YES;
				CLANG_WARN_DIRECT_OBJC_ISA_USAGE = YES_ERROR;
				CLANG_WARN_DOCUMENTATION_COMMENTS = YES;
				CLANG_WARN_EMPTY_BODY = YES;
				CLANG_WARN_ENUM_CONVERSION = YES;
				CLANG_WARN_INFINITE_RECURSION = YES;
				CLANG_WARN_INT_CONVERSION = YES;
				CLANG_WARN_NON_LITERAL_NULL_CONVERSION = YES;
				CLANG_WARN_OBJC_LITERAL_CONVERSION = YES;
				CLANG_WARN_OBJC_ROOT_CLASS = YES_ERROR;
				CLANG_WARN_RANGE_LOOP_ANALYSIS = YES;
				CLANG_WARN_STRICT_PROTOTYPES = YES;
				CLANG_WARN_SUSPICIOUS_MOVE = YES;
				CLANG_WARN_UNGUARDED_AVAILABILITY = YES_AGGRESSIVE;
				CLANG_WARN_UNREACHABLE_CODE = YES;
				CLANG_WARN__DUPLICATE_METHOD_MATCH = YES;
				CODE_SIGN_IDENTITY = "iPhone Developer";
				COPY_PHASE_STRIP = NO;
				DEBUG_INFORMATION_FORMAT = dwarf;
				ENABLE_STRICT_OBJC_MSGSEND = YES;
				ENABLE_TESTABILITY = YES;
				GCC_C_LANGUAGE_STANDARD = gnu11;
				GCC_DYNAMIC_NO_PIC = NO;
				GCC_NO_COMMON_BLOCKS = YES;
				GCC_OPTIMIZATION_LEVEL = 0;
				GCC_PREPROCESSOR_DEFINITIONS = (
					"DEBUG=1",
					"$(inherited)",
				);
				GCC_WARN_64_TO_32_BIT_CONVERSION = YES;
				GCC_WARN_ABOUT_RETURN_TYPE = YES_ERROR;
				GCC_WARN_UNDECLARED_SELECTOR = YES;
				GCC_WARN_UNINITIALIZED_AUTOS = YES_AGGRESSIVE;
				GCC_WARN_UNUSED_FUNCTION = YES;
				GCC_WARN_UNUSED_VARIABLE = YES;
				IPHONEOS_DEPLOYMENT_TARGET = 11.2;
				MTL_ENABLE_DEBUG_INFO = YES;
				ONLY_ACTIVE_ARCH = YES;
				SDKROOT = iphoneos;
				SWIFT_ACTIVE_COMPILATION_CONDITIONS = DEBUG;
				SWIFT_OPTIMIZATION_LEVEL = "-Onone";
			};
			name = Debug;
		};
		2FD784BC208C5691006402A4 /* Release */ = {
			isa = XCBuildConfiguration;
			buildSettings = {
				ALWAYS_SEARCH_USER_PATHS = NO;
				CLANG_ANALYZER_NONNULL = YES;
				CLANG_ANALYZER_NUMBER_OBJECT_CONVERSION = YES_AGGRESSIVE;
				CLANG_CXX_LANGUAGE_STANDARD = "gnu++14";
				CLANG_CXX_LIBRARY = "libc++";
				CLANG_ENABLE_MODULES = YES;
				CLANG_ENABLE_OBJC_ARC = YES;
				CLANG_WARN_BLOCK_CAPTURE_AUTORELEASING = YES;
				CLANG_WARN_BOOL_CONVERSION = YES;
				CLANG_WARN_COMMA = YES;
				CLANG_WARN_CONSTANT_CONVERSION = YES;
				CLANG_WARN_DIRECT_OBJC_ISA_USAGE = YES_ERROR;
				CLANG_WARN_DOCUMENTATION_COMMENTS = YES;
				CLANG_WARN_EMPTY_BODY = YES;
				CLANG_WARN_ENUM_CONVERSION = YES;
				CLANG_WARN_INFINITE_RECURSION = YES;
				CLANG_WARN_INT_CONVERSION = YES;
				CLANG_WARN_NON_LITERAL_NULL_CONVERSION = YES;
				CLANG_WARN_OBJC_LITERAL_CONVERSION = YES;
				CLANG_WARN_OBJC_ROOT_CLASS = YES_ERROR;
				CLANG_WARN_RANGE_LOOP_ANALYSIS = YES;
				CLANG_WARN_STRICT_PROTOTYPES = YES;
				CLANG_WARN_SUSPICIOUS_MOVE = YES;
				CLANG_WARN_UNGUARDED_AVAILABILITY = YES_AGGRESSIVE;
				CLANG_WARN_UNREACHABLE_CODE = YES;
				CLANG_WARN__DUPLICATE_METHOD_MATCH = YES;
				CODE_SIGN_IDENTITY = "iPhone Developer";
				COPY_PHASE_STRIP = NO;
				DEBUG_INFORMATION_FORMAT = "dwarf-with-dsym";
				ENABLE_NS_ASSERTIONS = NO;
				ENABLE_STRICT_OBJC_MSGSEND = YES;
				GCC_C_LANGUAGE_STANDARD = gnu11;
				GCC_NO_COMMON_BLOCKS = YES;
				GCC_WARN_64_TO_32_BIT_CONVERSION = YES;
				GCC_WARN_ABOUT_RETURN_TYPE = YES_ERROR;
				GCC_WARN_UNDECLARED_SELECTOR = YES;
				GCC_WARN_UNINITIALIZED_AUTOS = YES_AGGRESSIVE;
				GCC_WARN_UNUSED_FUNCTION = YES;
				GCC_WARN_UNUSED_VARIABLE = YES;
				IPHONEOS_DEPLOYMENT_TARGET = 11.2;
				MTL_ENABLE_DEBUG_INFO = NO;
				SDKROOT = iphoneos;
				SWIFT_OPTIMIZATION_LEVEL = "-Owholemodule";
				VALIDATE_PRODUCT = YES;
			};
			name = Release;
		};
		2FD784BE208C5691006402A4 /* Debug */ = {
			isa = XCBuildConfiguration;
			buildSettings = {
				ASSETCATALOG_COMPILER_APPICON_NAME = AppIcon;
				CODE_SIGN_STYLE = Automatic;
				INFOPLIST_FILE = customModalVC/Info.plist;
				LD_RUNPATH_SEARCH_PATHS = "$(inherited) @executable_path/Frameworks";
				PRODUCT_BUNDLE_IDENTIFIER = yr.customModalVC;
				PRODUCT_NAME = "$(TARGET_NAME)";
				SWIFT_VERSION = 4.0;
				TARGETED_DEVICE_FAMILY = "1,2";
			};
			name = Debug;
		};
		2FD784BF208C5691006402A4 /* Release */ = {
			isa = XCBuildConfiguration;
			buildSettings = {
				ASSETCATALOG_COMPILER_APPICON_NAME = AppIcon;
				CODE_SIGN_STYLE = Automatic;
				INFOPLIST_FILE = customModalVC/Info.plist;
				LD_RUNPATH_SEARCH_PATHS = "$(inherited) @executable_path/Frameworks";
				PRODUCT_BUNDLE_IDENTIFIER = yr.customModalVC;
				PRODUCT_NAME = "$(TARGET_NAME)";
				SWIFT_VERSION = 4.0;
				TARGETED_DEVICE_FAMILY = "1,2";
			};
			name = Release;
		};
/* End XCBuildConfiguration section */

/* Begin XCConfigurationList section */
		2FD784A6208C5690006402A4 /* Build configuration list for PBXProject "customModalVC" */ = {
			isa = XCConfigurationList;
			buildConfigurations = (
				2FD784BB208C5691006402A4 /* Debug */,
				2FD784BC208C5691006402A4 /* Release */,
			);
			defaultConfigurationIsVisible = 0;
			defaultConfigurationName = Release;
		};
		2FD784BD208C5691006402A4 /* Build configuration list for PBXNativeTarget "customModalVC" */ = {
			isa = XCConfigurationList;
			buildConfigurations = (
				2FD784BE208C5691006402A4 /* Debug */,
				2FD784BF208C5691006402A4 /* Release */,
			);
			defaultConfigurationIsVisible = 0;
			defaultConfigurationName = Release;
		};
/* End XCConfigurationList section */
	};
	rootObject = 2FD784A3208C5690006402A4 /* Project object */;
}
